// !$*UTF8*$!
{
	archiveVersion = 1;
	classes = {
	};
	objectVersion = 46;
	objects = {

/* Begin PBXBuildFile section */
		840D8AD61E8F7CDE00D2BA4F /* AppDelegate.swift in Sources */ = {isa = PBXBuildFile; fileRef = 840D8AD51E8F7CDE00D2BA4F /* AppDelegate.swift */; };
		840D8AD81E8F7CDE00D2BA4F /* ViewController.swift in Sources */ = {isa = PBXBuildFile; fileRef = 840D8AD71E8F7CDE00D2BA4F /* ViewController.swift */; };
		840D8ADB1E8F7CDE00D2BA4F /* Main.storyboard in Resources */ = {isa = PBXBuildFile; fileRef = 840D8AD91E8F7CDE00D2BA4F /* Main.storyboard */; };
		840D8ADD1E8F7CDE00D2BA4F /* Assets.xcassets in Resources */ = {isa = PBXBuildFile; fileRef = 840D8ADC1E8F7CDE00D2BA4F /* Assets.xcassets */; };
		840D8AE01E8F7CDE00D2BA4F /* LaunchScreen.storyboard in Resources */ = {isa = PBXBuildFile; fileRef = 840D8ADE1E8F7CDE00D2BA4F /* LaunchScreen.storyboard */; };
		CDE5E4FD84ACABE4F11F9D51 /* Pods__ityOnMap.framework in Frameworks */ = {isa = PBXBuildFile; fileRef = 3FF5F57E6C753A6308EF3323 /* Pods__ityOnMap.framework */; };
/* End PBXBuildFile section */

/* Begin PBXFileReference section */
		0D56FA2C334F4ABB0FE8AC81 /* Pods-СityOnMap.debug.xcconfig */ = {isa = PBXFileReference; includeInIndex = 1; lastKnownFileType = text.xcconfig; name = "Pods-СityOnMap.debug.xcconfig"; path = "Pods/Target Support Files/Pods-СityOnMap/Pods-СityOnMap.debug.xcconfig"; sourceTree = "<group>"; };
		3FF5F57E6C753A6308EF3323 /* Pods__ityOnMap.framework */ = {isa = PBXFileReference; explicitFileType = wrapper.framework; includeInIndex = 0; path = Pods__ityOnMap.framework; sourceTree = BUILT_PRODUCTS_DIR; };
		840D8AD21E8F7CDE00D2BA4F /* СityOnMap.app */ = {isa = PBXFileReference; explicitFileType = wrapper.application; includeInIndex = 0; path = "СityOnMap.app"; sourceTree = BUILT_PRODUCTS_DIR; };
		840D8AD51E8F7CDE00D2BA4F /* AppDelegate.swift */ = {isa = PBXFileReference; lastKnownFileType = sourcecode.swift; path = AppDelegate.swift; sourceTree = "<group>"; };
		840D8AD71E8F7CDE00D2BA4F /* ViewController.swift */ = {isa = PBXFileReference; lastKnownFileType = sourcecode.swift; path = ViewController.swift; sourceTree = "<group>"; };
		840D8ADA1E8F7CDE00D2BA4F /* Base */ = {isa = PBXFileReference; lastKnownFileType = file.storyboard; name = Base; path = Base.lproj/Main.storyboard; sourceTree = "<group>"; };
		840D8ADC1E8F7CDE00D2BA4F /* Assets.xcassets */ = {isa = PBXFileReference; lastKnownFileType = folder.assetcatalog; path = Assets.xcassets; sourceTree = "<group>"; };
		840D8ADF1E8F7CDE00D2BA4F /* Base */ = {isa = PBXFileReference; lastKnownFileType = file.storyboard; name = Base; path = Base.lproj/LaunchScreen.storyboard; sourceTree = "<group>"; };
		840D8AE11E8F7CDE00D2BA4F /* Info.plist */ = {isa = PBXFileReference; lastKnownFileType = text.plist.xml; path = Info.plist; sourceTree = "<group>"; };
		D1AAEBCF0448BA248F7C0A54 /* Pods-СityOnMap.release.xcconfig */ = {isa = PBXFileReference; includeInIndex = 1; lastKnownFileType = text.xcconfig; name = "Pods-СityOnMap.release.xcconfig"; path = "Pods/Target Support Files/Pods-СityOnMap/Pods-СityOnMap.release.xcconfig"; sourceTree = "<group>"; };
/* End PBXFileReference section */

/* Begin PBXFrameworksBuildPhase section */
		840D8ACF1E8F7CDE00D2BA4F /* Frameworks */ = {
			isa = PBXFrameworksBuildPhase;
			buildActionMask = 2147483647;
			files = (
				CDE5E4FD84ACABE4F11F9D51 /* Pods__ityOnMap.framework in Frameworks */,
			);
			runOnlyForDeploymentPostprocessing = 0;
		};
/* End PBXFrameworksBuildPhase section */

/* Begin PBXGroup section */
		12F03C80C9F85826166031F5 /* Frameworks */ = {
			isa = PBXGroup;
			children = (
				3FF5F57E6C753A6308EF3323 /* Pods__ityOnMap.framework */,
			);
			name = Frameworks;
			sourceTree = "<group>";
		};
		840D8AC91E8F7CDD00D2BA4F = {
			isa = PBXGroup;
			children = (
				840D8AD41E8F7CDE00D2BA4F /* СityOnMap */,
				840D8AD31E8F7CDE00D2BA4F /* Products */,
				C2AD0F86091F8BA13932141E /* Pods */,
				12F03C80C9F85826166031F5 /* Frameworks */,
			);
			sourceTree = "<group>";
		};
		840D8AD31E8F7CDE00D2BA4F /* Products */ = {
			isa = PBXGroup;
			children = (
				840D8AD21E8F7CDE00D2BA4F /* СityOnMap.app */,
			);
			name = Products;
			sourceTree = "<group>";
		};
		840D8AD41E8F7CDE00D2BA4F /* СityOnMap */ = {
			isa = PBXGroup;
			children = (
				840D8AE71E8F87E600D2BA4F /* Classes */,
				840D8AE81E8F880300D2BA4F /* Resource */,
			);
			path = "СityOnMap";
			sourceTree = "<group>";
		};
		840D8AE71E8F87E600D2BA4F /* Classes */ = {
			isa = PBXGroup;
			children = (
				840D8AD51E8F7CDE00D2BA4F /* AppDelegate.swift */,
				840D8AD71E8F7CDE00D2BA4F /* ViewController.swift */,
			);
			name = Classes;
			sourceTree = "<group>";
		};
		840D8AE81E8F880300D2BA4F /* Resource */ = {
			isa = PBXGroup;
			children = (
				840D8AE91E8F882C00D2BA4F /* Storyboard */,
				840D8ADC1E8F7CDE00D2BA4F /* Assets.xcassets */,
				840D8AEA1E8F883900D2BA4F /* Info */,
			);
			name = Resource;
			sourceTree = "<group>";
		};
		840D8AE91E8F882C00D2BA4F /* Storyboard */ = {
			isa = PBXGroup;
			children = (
				840D8AD91E8F7CDE00D2BA4F /* Main.storyboard */,
				840D8ADE1E8F7CDE00D2BA4F /* LaunchScreen.storyboard */,
			);
			name = Storyboard;
			sourceTree = "<group>";
		};
		840D8AEA1E8F883900D2BA4F /* Info */ = {
			isa = PBXGroup;
			children = (
				840D8AE11E8F7CDE00D2BA4F /* Info.plist */,
			);
			name = Info;
			sourceTree = "<group>";
		};
		C2AD0F86091F8BA13932141E /* Pods */ = {
			isa = PBXGroup;
			children = (
				0D56FA2C334F4ABB0FE8AC81 /* Pods-СityOnMap.debug.xcconfig */,
				D1AAEBCF0448BA248F7C0A54 /* Pods-СityOnMap.release.xcconfig */,
			);
			name = Pods;
			sourceTree = "<group>";
		};
/* End PBXGroup section */

/* Begin PBXNativeTarget section */
		840D8AD11E8F7CDE00D2BA4F /* СityOnMap */ = {
			isa = PBXNativeTarget;
			buildConfigurationList = 840D8AE41E8F7CDE00D2BA4F /* Build configuration list for PBXNativeTarget "СityOnMap" */;
			buildPhases = (
				06D8936CD758D184F7FEDD2B /* [CP] Check Pods Manifest.lock */,
				840D8ACE1E8F7CDE00D2BA4F /* Sources */,
				840D8ACF1E8F7CDE00D2BA4F /* Frameworks */,
				840D8AD01E8F7CDE00D2BA4F /* Resources */,
				CA1F0926256583EE47648CA0 /* [CP] Embed Pods Frameworks */,
				ED931DEE14C832D460EFA1C6 /* [CP] Copy Pods Resources */,
			);
			buildRules = (
			);
			dependencies = (
			);
			name = "СityOnMap";
			productName = "СityOnMap";
			productReference = 840D8AD21E8F7CDE00D2BA4F /* СityOnMap.app */;
			productType = "com.apple.product-type.application";
		};
/* End PBXNativeTarget section */

/* Begin PBXProject section */
		840D8ACA1E8F7CDD00D2BA4F /* Project object */ = {
			isa = PBXProject;
			attributes = {
				LastSwiftUpdateCheck = 0820;
				LastUpgradeCheck = 0820;
				ORGANIZATIONNAME = "Pavel Samsonov";
				TargetAttributes = {
					840D8AD11E8F7CDE00D2BA4F = {
						CreatedOnToolsVersion = 8.2.1;
						DevelopmentTeam = R587H6JBHE;
						ProvisioningStyle = Automatic;
					};
				};
			};
			buildConfigurationList = 840D8ACD1E8F7CDD00D2BA4F /* Build configuration list for PBXProject "СityOnMap" */;
			compatibilityVersion = "Xcode 3.2";
			developmentRegion = English;
			hasScannedForEncodings = 0;
			knownRegions = (
				en,
				Base,
			);
			mainGroup = 840D8AC91E8F7CDD00D2BA4F;
			productRefGroup = 840D8AD31E8F7CDE00D2BA4F /* Products */;
			projectDirPath = "";
			projectRoot = "";
			targets = (
				840D8AD11E8F7CDE00D2BA4F /* СityOnMap */,
			);
		};
/* End PBXProject section */

/* Begin PBXResourcesBuildPhase section */
		840D8AD01E8F7CDE00D2BA4F /* Resources */ = {
			isa = PBXResourcesBuildPhase;
			buildActionMask = 2147483647;
			files = (
				840D8AE01E8F7CDE00D2BA4F /* LaunchScreen.storyboard in Resources */,
				840D8ADD1E8F7CDE00D2BA4F /* Assets.xcassets in Resources */,
				840D8ADB1E8F7CDE00D2BA4F /* Main.storyboard in Resources */,
			);
			runOnlyForDeploymentPostprocessing = 0;
		};
/* End PBXResourcesBuildPhase section */

/* Begin PBXShellScriptBuildPhase section */
		06D8936CD758D184F7FEDD2B /* [CP] Check Pods Manifest.lock */ = {
			isa = PBXShellScriptBuildPhase;
			buildActionMask = 2147483647;
			files = (
			);
			inputPaths = (
			);
			name = "[CP] Check Pods Manifest.lock";
			outputPaths = (
			);
			runOnlyForDeploymentPostprocessing = 0;
			shellPath = /bin/sh;
			shellScript = "diff \"${PODS_ROOT}/../Podfile.lock\" \"${PODS_ROOT}/Manifest.lock\" > /dev/null\nif [ $? != 0 ] ; then\n    # print error to STDERR\n    echo \"error: The sandbox is not in sync with the Podfile.lock. Run 'pod install' or update your CocoaPods installation.\" >&2\n    exit 1\nfi\n";
			showEnvVarsInLog = 0;
		};
		CA1F0926256583EE47648CA0 /* [CP] Embed Pods Frameworks */ = {
			isa = PBXShellScriptBuildPhase;
			buildActionMask = 2147483647;
			files = (
			);
			inputPaths = (
			);
			name = "[CP] Embed Pods Frameworks";
			outputPaths = (
			);
			runOnlyForDeploymentPostprocessing = 0;
			shellPath = /bin/sh;
			shellScript = "\"${SRCROOT}/Pods/Target Support Files/Pods-СityOnMap/Pods-СityOnMap-frameworks.sh\"\n";
			showEnvVarsInLog = 0;
		};
		ED931DEE14C832D460EFA1C6 /* [CP] Copy Pods Resources */ = {
			isa = PBXShellScriptBuildPhase;
			buildActionMask = 2147483647;
			files = (
			);
			inputPaths = (
			);
			name = "[CP] Copy Pods Resources";
			outputPaths = (
			);
			runOnlyForDeploymentPostprocessing = 0;
			shellPath = /bin/sh;
			shellScript = "\"${SRCROOT}/Pods/Target Support Files/Pods-СityOnMap/Pods-СityOnMap-resources.sh\"\n";
			showEnvVarsInLog = 0;
		};
/* End PBXShellScriptBuildPhase section */

/* Begin PBXSourcesBuildPhase section */
		840D8ACE1E8F7CDE00D2BA4F /* Sources */ = {
			isa = PBXSourcesBuildPhase;
			buildActionMask = 2147483647;
			files = (
				840D8AD81E8F7CDE00D2BA4F /* ViewController.swift in Sources */,
				840D8AD61E8F7CDE00D2BA4F /* AppDelegate.swift in Sources */,
			);
			runOnlyForDeploymentPostprocessing = 0;
		};
/* End PBXSourcesBuildPhase section */

/* Begin PBXVariantGroup section */
		840D8AD91E8F7CDE00D2BA4F /* Main.storyboard */ = {
			isa = PBXVariantGroup;
			children = (
				840D8ADA1E8F7CDE00D2BA4F /* Base */,
			);
			name = Main.storyboard;
			sourceTree = "<group>";
		};
		840D8ADE1E8F7CDE00D2BA4F /* LaunchScreen.storyboard */ = {
			isa = PBXVariantGroup;
			children = (
				840D8ADF1E8F7CDE00D2BA4F /* Base */,
			);
			name = LaunchScreen.storyboard;
			sourceTree = "<group>";
		};
/* End PBXVariantGroup section */

/* Begin XCBuildConfiguration section */
		840D8AE21E8F7CDE00D2BA4F /* Debug */ = {
			isa = XCBuildConfiguration;
			buildSettings = {
				ALWAYS_SEARCH_USER_PATHS = NO;
				CLANG_ANALYZER_NONNULL = YES;
				CLANG_CXX_LANGUAGE_STANDARD = "gnu++0x";
				CLANG_CXX_LIBRARY = "libc++";
				CLANG_ENABLE_MODULES = YES;
				CLANG_ENABLE_OBJC_ARC = YES;
				CLANG_WARN_BOOL_CONVERSION = YES;
				CLANG_WARN_CONSTANT_CONVERSION = YES;
				CLANG_WARN_DIRECT_OBJC_ISA_USAGE = YES_ERROR;
				CLANG_WARN_DOCUMENTATION_COMMENTS = YES;
				CLANG_WARN_EMPTY_BODY = YES;
				CLANG_WARN_ENUM_CONVERSION = YES;
				CLANG_WARN_INFINITE_RECURSION = YES;
				CLANG_WARN_INT_CONVERSION = YES;
				CLANG_WARN_OBJC_ROOT_CLASS = YES_ERROR;
				CLANG_WARN_SUSPICIOUS_MOVE = YES;
				CLANG_WARN_UNREACHABLE_CODE = YES;
				CLANG_WARN__DUPLICATE_METHOD_MATCH = YES;
				"CODE_SIGN_IDENTITY[sdk=iphoneos*]" = "iPhone Developer";
				COPY_PHASE_STRIP = NO;
				DEBUG_INFORMATION_FORMAT = dwarf;
				ENABLE_STRICT_OBJC_MSGSEND = YES;
				ENABLE_TESTABILITY = YES;
				GCC_C_LANGUAGE_STANDARD = gnu99;
				GCC_DYNAMIC_NO_PIC = NO;
				GCC_NO_COMMON_BLOCKS = YES;
				GCC_OPTIMIZATION_LEVEL = 0;
				GCC_PREPROCESSOR_DEFINITIONS = (
					"DEBUG=1",
					"$(inherited)",
				);
				GCC_WARN_64_TO_32_BIT_CONVERSION = YES;
				GCC_WARN_ABOUT_RETURN_TYPE = YES_ERROR;
				GCC_WARN_UNDECLARED_SELECTOR = YES;
				GCC_WARN_UNINITIALIZED_AUTOS = YES_AGGRESSIVE;
				GCC_WARN_UNUSED_FUNCTION = YES;
				GCC_WARN_UNUSED_VARIABLE = YES;
				IPHONEOS_DEPLOYMENT_TARGET = 8.0;
				MTL_ENABLE_DEBUG_INFO = YES;
				ONLY_ACTIVE_ARCH = YES;
				SDKROOT = iphoneos;
				SWIFT_ACTIVE_COMPILATION_CONDITIONS = DEBUG;
				SWIFT_OPTIMIZATION_LEVEL = "-Onone";
			};
			name = Debug;
		};
		840D8AE31E8F7CDE00D2BA4F /* Release */ = {
			isa = XCBuildConfiguration;
			buildSettings = {
				ALWAYS_SEARCH_USER_PATHS = NO;
				CLANG_ANALYZER_NONNULL = YES;
				CLANG_CXX_LANGUAGE_STANDARD = "gnu++0x";
				CLANG_CXX_LIBRARY = "libc++";
				CLANG_ENABLE_MODULES = YES;
				CLANG_ENABLE_OBJC_ARC = YES;
				CLANG_WARN_BOOL_CONVERSION = YES;
				CLANG_WARN_CONSTANT_CONVERSION = YES;
				CLANG_WARN_DIRECT_OBJC_ISA_USAGE = YES_ERROR;
				CLANG_WARN_DOCUMENTATION_COMMENTS = YES;
				CLANG_WARN_EMPTY_BODY = YES;
				CLANG_WARN_ENUM_CONVERSION = YES;
				CLANG_WARN_INFINITE_RECURSION = YES;
				CLANG_WARN_INT_CONVERSION = YES;
				CLANG_WARN_OBJC_ROOT_CLASS = YES_ERROR;
				CLANG_WARN_SUSPICIOUS_MOVE = YES;
				CLANG_WARN_UNREACHABLE_CODE = YES;
				CLANG_WARN__DUPLICATE_METHOD_MATCH = YES;
				"CODE_SIGN_IDENTITY[sdk=iphoneos*]" = "iPhone Developer";
				COPY_PHASE_STRIP = NO;
				DEBUG_INFORMATION_FORMAT = "dwarf-with-dsym";
				ENABLE_NS_ASSERTIONS = NO;
				ENABLE_STRICT_OBJC_MSGSEND = YES;
				GCC_C_LANGUAGE_STANDARD = gnu99;
				GCC_NO_COMMON_BLOCKS = YES;
				GCC_WARN_64_TO_32_BIT_CONVERSION = YES;
				GCC_WARN_ABOUT_RETURN_TYPE = YES_ERROR;
				GCC_WARN_UNDECLARED_SELECTOR = YES;
				GCC_WARN_UNINITIALIZED_AUTOS = YES_AGGRESSIVE;
				GCC_WARN_UNUSED_FUNCTION = YES;
				GCC_WARN_UNUSED_VARIABLE = YES;
				IPHONEOS_DEPLOYMENT_TARGET = 8.0;
				MTL_ENABLE_DEBUG_INFO = NO;
				SDKROOT = iphoneos;
				SWIFT_OPTIMIZATION_LEVEL = "-Owholemodule";
				VALIDATE_PRODUCT = YES;
			};
			name = Release;
		};
		840D8AE51E8F7CDE00D2BA4F /* Debug */ = {
			isa = XCBuildConfiguration;
			baseConfigurationReference = 0D56FA2C334F4ABB0FE8AC81 /* Pods-СityOnMap.debug.xcconfig */;
			buildSettings = {
				ALWAYS_EMBED_SWIFT_STANDARD_LIBRARIES = YES;
				ASSETCATALOG_COMPILER_APPICON_NAME = AppIcon;
				DEVELOPMENT_TEAM = R587H6JBHE;
				INFOPLIST_FILE = "СityOnMap/Info.plist";
				IPHONEOS_DEPLOYMENT_TARGET = 8.0;
				LD_RUNPATH_SEARCH_PATHS = "$(inherited) @executable_path/Frameworks";
				PRODUCT_BUNDLE_IDENTIFIER = "com.samsonovpavel.home.-ityOnMap";
				PRODUCT_NAME = "$(TARGET_NAME)";
				SWIFT_VERSION = 3.0;
			};
			name = Debug;
		};
		840D8AE61E8F7CDE00D2BA4F /* Release */ = {
			isa = XCBuildConfiguration;
			baseConfigurationReference = D1AAEBCF0448BA248F7C0A54 /* Pods-СityOnMap.release.xcconfig */;
			buildSettings = {
				ALWAYS_EMBED_SWIFT_STANDARD_LIBRARIES = YES;
				ASSETCATALOG_COMPILER_APPICON_NAME = AppIcon;
				DEVELOPMENT_TEAM = R587H6JBHE;
				INFOPLIST_FILE = "СityOnMap/Info.plist";
				IPHONEOS_DEPLOYMENT_TARGET = 8.0;
				LD_RUNPATH_SEARCH_PATHS = "$(inherited) @executable_path/Frameworks";
				PRODUCT_BUNDLE_IDENTIFIER = "com.samsonovpavel.home.-ityOnMap";
				PRODUCT_NAME = "$(TARGET_NAME)";
				SWIFT_VERSION = 3.0;
			};
			name = Release;
		};
/* End XCBuildConfiguration section */

/* Begin XCConfigurationList section */
		840D8ACD1E8F7CDD00D2BA4F /* Build configuration list for PBXProject "СityOnMap" */ = {
			isa = XCConfigurationList;
			buildConfigurations = (
				840D8AE21E8F7CDE00D2BA4F /* Debug */,
				840D8AE31E8F7CDE00D2BA4F /* Release */,
			);
			defaultConfigurationIsVisible = 0;
			defaultConfigurationName = Release;
		};
		840D8AE41E8F7CDE00D2BA4F /* Build configuration list for PBXNativeTarget "СityOnMap" */ = {
			isa = XCConfigurationList;
			buildConfigurations = (
				840D8AE51E8F7CDE00D2BA4F /* Debug */,
				840D8AE61E8F7CDE00D2BA4F /* Release */,
			);
			defaultConfigurationIsVisible = 0;
			defaultConfigurationName = Release;
		};
/* End XCConfigurationList section */
	};
	rootObject = 840D8ACA1E8F7CDD00D2BA4F /* Project object */;
}
